
Microsoft Visual Studio Solution File, Format Version 12.00
# Visual Studio Version 16
VisualStudioVersion = 16.0.29201.188
MinimumVisualStudioVersion = 10.0.40219.1
Project("{FAE04EC0-301F-11D3-BF4B-00C04F79EFBC}") = "Entidades", "Entidades\Entidades.csproj", "{1B3D75DE-ADE4-40B4-9D9D-5F86AAE3206C}"
EndProject
Project("{FAE04EC0-301F-11D3-BF4B-00C04F79EFBC}") = "MiCalculadora", "MiCalculadora\MiCalculadora.csproj", "{3B96FE62-03BE-4AC1-B044-3337F3935C8D}"
EndProject
Global
	GlobalSection(SolutionConfigurationPlatforms) = preSolution
		Debug|Any CPU = Debug|Any CPU
		Release|Any CPU = Release|Any CPU
	EndGlobalSection
	GlobalSection(ProjectConfigurationPlatforms) = postSolution
		{1B3D75DE-ADE4-40B4-9D9D-5F86AAE3206C}.Debug|Any CPU.ActiveCfg = Debug|Any CPU
		{1B3D75DE-ADE4-40B4-9D9D-5F86AAE3206C}.Debug|Any CPU.Build.0 = Debug|Any CPU
		{1B3D75DE-ADE4-40B4-9D9D-5F86AAE3206C}.Release|Any CPU.ActiveCfg = Release|Any CPU
		{1B3D75DE-ADE4-40B4-9D9D-5F86AAE3206C}.Release|Any CPU.Build.0 = Release|Any CPU
		{3B96FE62-03BE-4AC1-B044-3337F3935C8D}.Debug|Any CPU.ActiveCfg = Debug|Any CPU
		{3B96FE62-03BE-4AC1-B044-3337F3935C8D}.Debug|Any CPU.Build.0 = Debug|Any CPU
		{3B96FE62-03BE-4AC1-B044-3337F3935C8D}.Release|Any CPU.ActiveCfg = Release|Any CPU
		{3B96FE62-03BE-4AC1-B044-3337F3935C8D}.Release|Any CPU.Build.0 = Release|Any CPU
	EndGlobalSection
	GlobalSection(SolutionProperties) = preSolution
		HideSolutionNode = FALSE
	EndGlobalSection
	GlobalSection(ExtensibilityGlobals) = postSolution
		SolutionGuid = {FE487FE9-F36B-4890-8470-51681C6A9A58}
	EndGlobalSection
EndGlobal
